
Microsoft Visual Studio Solution File, Format Version 12.00
# Visual Studio Version 17
VisualStudioVersion = 17.4.33213.308
MinimumVisualStudioVersion = 10.0.40219.1
Project("{2150E333-8FDC-42A3-9474-1A3956D46DE8}") = "Solution Items", "Solution Items", "{284B3A26-84E0-4203-8E70-20275107A16D}"
	ProjectSection(SolutionItems) = preProject
		CHANGELOG.md = CHANGELOG.md
		GridMvc.vsmdi = GridMvc.vsmdi
		interad-logo.png = interad-logo.png
		LICENSE.md = LICENSE.md
		Local.testsettings = Local.testsettings
		README.md = README.md
		TraceAndTestImpact.testsettings = TraceAndTestImpact.testsettings
	EndProjectSection
EndProject
Project("{2150E333-8FDC-42A3-9474-1A3956D46DE8}") = ".nuget", ".nuget", "{F05C1E26-F067-4F6C-AC05-52B6F4C3A2E8}"
	ProjectSection(SolutionItems) = preProject
		.nuget\build.bat = .nuget\build.bat
		.nuget\Grid.Mvc.Core.nuspec = .nuget\Grid.Mvc.Core.nuspec
		.nuget\Grid.Mvc.nuspec = .nuget\Grid.Mvc.nuspec
		.nuget\NuGet.exe = .nuget\NuGet.exe
		.nuget\NuGet.targets = .nuget\NuGet.targets
		.nuget\web.config.core.transform = .nuget\web.config.core.transform
		.nuget\web.config.transform = .nuget\web.config.transform
	EndProjectSection
EndProject
Project("{FAE04EC0-301F-11D3-BF4B-00C04F79EFBC}") = "GridMvc", "GridMvc\GridMvc.csproj", "{742CA5DD-16DB-464A-A267-A1F4E422733B}"
EndProject
Project("{FAE04EC0-301F-11D3-BF4B-00C04F79EFBC}") = "GridMvc.Tests", "GridMvc.Tests\GridMvc.Tests.csproj", "{4F128BFC-B7B8-4842-AE9F-D706DC8D819E}"
EndProject
Project("{FAE04EC0-301F-11D3-BF4B-00C04F79EFBC}") = "GridMvc.Site", "GridMvc.Site\GridMvc.Site.csproj", "{7EF1A034-8CC8-4A29-B9FF-1398EE9E5036}"
EndProject
Project("{2150E333-8FDC-42A3-9474-1A3956D46DE8}") = "GridMvc.Net48", "GridMvc.Net48", "{90888ABF-D2D6-4BF1-BFF9-E049981523CA}"
EndProject
Project("{2150E333-8FDC-42A3-9474-1A3956D46DE8}") = "GridMvc.Core", "GridMvc.Core", "{568BF746-A10C-411F-8F17-72E3DE51E583}"
	ProjectSection(SolutionItems) = preProject
		README.Core.md = README.Core.md
	EndProjectSection
EndProject
Project("{9A19103F-16F7-4668-BE54-9A1E7A4F7556}") = "GridMvc.Core", "GridMvc.Core\GridMvc.Core.csproj", "{30F34F99-76D4-47C8-B09A-9DCF6BA96DE6}"
EndProject
Project("{9A19103F-16F7-4668-BE54-9A1E7A4F7556}") = "GridMvc.Core.Site", "GridMvc.Core.Site\GridMvc.Core.Site.csproj", "{B628C574-7B9D-45A8-BCBC-11CD7C86C6D5}"
EndProject
Project("{FAE04EC0-301F-11D3-BF4B-00C04F79EFBC}") = "GridMvc.ExportableGrid", "GridMvc.ExportableGrid\GridMvc.ExportableGrid.csproj", "{DC41998F-6098-4F32-BDE3-94948D31B5A4}"
EndProject
Project("{FAE04EC0-301F-11D3-BF4B-00C04F79EFBC}") = "GridMvc.Core.ExportableGrid", "GridMvc.Core.ExportableGrid\GridMvc.Core.ExportableGrid.csproj", "{2BA5B631-8B7A-44F1-8BF9-4CDC962DB6E3}"
EndProject
Project("{FAE04EC0-301F-11D3-BF4B-00C04F79EFBC}") = "GridMvc.Core.Tests", "GridMvc.Core.Tests\GridMvc.Core.Tests.csproj", "{7A00D996-A358-47D5-8E8C-43CAAC06DE25}"
EndProject
Global
	GlobalSection(SolutionConfigurationPlatforms) = preSolution
		Debug|Any CPU = Debug|Any CPU
		Release|Any CPU = Release|Any CPU
	EndGlobalSection
	GlobalSection(ProjectConfigurationPlatforms) = postSolution
		{742CA5DD-16DB-464A-A267-A1F4E422733B}.Debug|Any CPU.ActiveCfg = Debug|Any CPU
		{742CA5DD-16DB-464A-A267-A1F4E422733B}.Debug|Any CPU.Build.0 = Debug|Any CPU
		{742CA5DD-16DB-464A-A267-A1F4E422733B}.Release|Any CPU.ActiveCfg = Release|Any CPU
		{742CA5DD-16DB-464A-A267-A1F4E422733B}.Release|Any CPU.Build.0 = Release|Any CPU
		{4F128BFC-B7B8-4842-AE9F-D706DC8D819E}.Debug|Any CPU.ActiveCfg = Debug|Any CPU
		{4F128BFC-B7B8-4842-AE9F-D706DC8D819E}.Debug|Any CPU.Build.0 = Debug|Any CPU
		{4F128BFC-B7B8-4842-AE9F-D706DC8D819E}.Release|Any CPU.ActiveCfg = Release|Any CPU
		{4F128BFC-B7B8-4842-AE9F-D706DC8D819E}.Release|Any CPU.Build.0 = Release|Any CPU
		{7EF1A034-8CC8-4A29-B9FF-1398EE9E5036}.Debug|Any CPU.ActiveCfg = Debug|Any CPU
		{7EF1A034-8CC8-4A29-B9FF-1398EE9E5036}.Debug|Any CPU.Build.0 = Debug|Any CPU
		{7EF1A034-8CC8-4A29-B9FF-1398EE9E5036}.Release|Any CPU.ActiveCfg = Release|Any CPU
		{7EF1A034-8CC8-4A29-B9FF-1398EE9E5036}.Release|Any CPU.Build.0 = Release|Any CPU
		{30F34F99-76D4-47C8-B09A-9DCF6BA96DE6}.Debug|Any CPU.ActiveCfg = Debug|Any CPU
		{30F34F99-76D4-47C8-B09A-9DCF6BA96DE6}.Debug|Any CPU.Build.0 = Debug|Any CPU
		{30F34F99-76D4-47C8-B09A-9DCF6BA96DE6}.Release|Any CPU.ActiveCfg = Release|Any CPU
		{30F34F99-76D4-47C8-B09A-9DCF6BA96DE6}.Release|Any CPU.Build.0 = Release|Any CPU
		{B628C574-7B9D-45A8-BCBC-11CD7C86C6D5}.Debug|Any CPU.ActiveCfg = Debug|Any CPU
		{B628C574-7B9D-45A8-BCBC-11CD7C86C6D5}.Debug|Any CPU.Build.0 = Debug|Any CPU
		{B628C574-7B9D-45A8-BCBC-11CD7C86C6D5}.Release|Any CPU.ActiveCfg = Release|Any CPU
		{B628C574-7B9D-45A8-BCBC-11CD7C86C6D5}.Release|Any CPU.Build.0 = Release|Any CPU
		{DC41998F-6098-4F32-BDE3-94948D31B5A4}.Debug|Any CPU.ActiveCfg = Debug|Any CPU
		{DC41998F-6098-4F32-BDE3-94948D31B5A4}.Debug|Any CPU.Build.0 = Debug|Any CPU
		{DC41998F-6098-4F32-BDE3-94948D31B5A4}.Release|Any CPU.ActiveCfg = Release|Any CPU
		{DC41998F-6098-4F32-BDE3-94948D31B5A4}.Release|Any CPU.Build.0 = Release|Any CPU
		{2BA5B631-8B7A-44F1-8BF9-4CDC962DB6E3}.Debug|Any CPU.ActiveCfg = Debug|Any CPU
		{2BA5B631-8B7A-44F1-8BF9-4CDC962DB6E3}.Debug|Any CPU.Build.0 = Debug|Any CPU
		{2BA5B631-8B7A-44F1-8BF9-4CDC962DB6E3}.Release|Any CPU.ActiveCfg = Release|Any CPU
		{2BA5B631-8B7A-44F1-8BF9-4CDC962DB6E3}.Release|Any CPU.Build.0 = Release|Any CPU
		{7A00D996-A358-47D5-8E8C-43CAAC06DE25}.Debug|Any CPU.ActiveCfg = Debug|Any CPU
		{7A00D996-A358-47D5-8E8C-43CAAC06DE25}.Debug|Any CPU.Build.0 = Debug|Any CPU
		{7A00D996-A358-47D5-8E8C-43CAAC06DE25}.Release|Any CPU.ActiveCfg = Release|Any CPU
		{7A00D996-A358-47D5-8E8C-43CAAC06DE25}.Release|Any CPU.Build.0 = Release|Any CPU
	EndGlobalSection
	GlobalSection(SolutionProperties) = preSolution
		HideSolutionNode = FALSE
	EndGlobalSection
	GlobalSection(NestedProjects) = preSolution
		{742CA5DD-16DB-464A-A267-A1F4E422733B} = {90888ABF-D2D6-4BF1-BFF9-E049981523CA}
		{4F128BFC-B7B8-4842-AE9F-D706DC8D819E} = {90888ABF-D2D6-4BF1-BFF9-E049981523CA}
		{7EF1A034-8CC8-4A29-B9FF-1398EE9E5036} = {90888ABF-D2D6-4BF1-BFF9-E049981523CA}
		{30F34F99-76D4-47C8-B09A-9DCF6BA96DE6} = {568BF746-A10C-411F-8F17-72E3DE51E583}
		{B628C574-7B9D-45A8-BCBC-11CD7C86C6D5} = {568BF746-A10C-411F-8F17-72E3DE51E583}
		{DC41998F-6098-4F32-BDE3-94948D31B5A4} = {90888ABF-D2D6-4BF1-BFF9-E049981523CA}
		{2BA5B631-8B7A-44F1-8BF9-4CDC962DB6E3} = {568BF746-A10C-411F-8F17-72E3DE51E583}
		{7A00D996-A358-47D5-8E8C-43CAAC06DE25} = {568BF746-A10C-411F-8F17-72E3DE51E583}
	EndGlobalSection
	GlobalSection(ExtensibilityGlobals) = postSolution
		SolutionGuid = {2BC53051-718B-4D5B-9E52-128D65D82F27}
	EndGlobalSection
	GlobalSection(TestCaseManagementSettings) = postSolution
		CategoryFile = GridMvc.vsmdi
	EndGlobalSection
EndGlobal
